{
  "nodes": {
    "flake-utils": {
      "locked": {
        "lastModified": 1610051610,
        "narHash": "sha256-U9rPz/usA1/Aohhk7Cmc2gBrEEKRzcW4nwPWMPwja4Y=",
        "owner": "numtide",
        "repo": "flake-utils",
        "rev": "3982c9903e93927c2164caa727cd3f6a0e6d14cc",
        "type": "github"
      },
      "original": {
        "owner": "numtide",
        "repo": "flake-utils",
        "type": "github"
      }
    },
    "flake-utils_2": {
      "locked": {
        "lastModified": 1610051610,
        "narHash": "sha256-U9rPz/usA1/Aohhk7Cmc2gBrEEKRzcW4nwPWMPwja4Y=",
        "owner": "numtide",
        "repo": "flake-utils",
        "rev": "3982c9903e93927c2164caa727cd3f6a0e6d14cc",
        "type": "github"
      },
      "original": {
        "owner": "numtide",
        "repo": "flake-utils",
        "type": "github"
      }
    },
    "nixpkgs": {
      "locked": {
        "lastModified": 1612648935,
        "narHash": "sha256-g4KSjJ8yavAgsspB68IbPaTDs7jgLgxMP3a/1iAo7/E=",
        "owner": "nixos",
        "repo": "nixpkgs",
        "rev": "69fb3614c23bc9a71ff9717925368e2ba2da7b29",
        "type": "github"
      },
      "original": {
        "id": "nixpkgs",
        "type": "indirect"
      }
    },
    "nixpkgs_2": {
      "locked": {
        "lastModified": 1612229122,
        "narHash": "sha256-JHAtsYlEo6mqBD5gAAARNY3GIWNVV/LnhxiTc7C/Cj0=",
        "path": "/nix/store/yhkhc3d65vl943aywpylnsyj0d5wnmv8-source",
        "rev": "abe7f45882090f7150d0289b1e381d0620f4a545",
        "type": "path"
      },
      "original": {
        "id": "nixpkgs",
        "type": "indirect"
      }
    },
    "nyan": {
      "inputs": {
        "flake-utils": "flake-utils_2",
        "nixpkgs": "nixpkgs_2",
        "nyan": "nyan_2"
      },
      "locked": {
        "lastModified": 1612739330,
        "narHash": "sha256-BxaVQ7OS+pMtSlBazQyAEuoFTPfQsHgY539r5qKKJBA=",
        "owner": "vi-tality",
        "repo": "nyan-flake",
        "rev": "01f716da45d197881840f01ba3aec039e06e13a7",
        "type": "github"
      },
      "original": {
        "owner": "vi-tality",
        "repo": "nyan-flake",
        "type": "github"
      }
    },
    "nyan_2": {
      "flake": false,
      "locked": {
        "lastModified": 1609260573,
        "narHash": "sha256-u6FiBVKcQKQe+D4W+VqBdqv6Wrm2pE9yFCAcWSE5qMs=",
        "owner": "SFTtech",
        "repo": "nyan",
        "rev": "a899eb277aadb33da74e8b190057be396c502e7f",
        "type": "github"
      },
      "original": {
        "owner": "SFTtech",
        "repo": "nyan",
        "type": "github"
      }
    },
    "openage": {
      "flake": false,
      "locked": {
        "lastModified": 1612132387,
        "narHash": "sha256-viw8LHeLJxB+dUKo6Wn5mZ2unPUyPeJuu929JbaRGRc=",
        "owner": "SFTtech",
        "repo": "openage",
        "rev": "e9ea9cb93ef6376ebd5c19aeee7a15169174ff4f",
        "type": "github"
      },
      "original": {
        "owner": "SFTtech",
        "repo": "openage",
        "type": "github"
      }
    },
    "root": {
      "inputs": {
        "flake-utils": "flake-utils",
        "nixpkgs": "nixpkgs",
        "nyan": "nyan",
        "openage": "openage"
      }
    }
  },
  "root": "root",
  "version": 7
}
